{
  "name": "server",
  "version": "1.0.0",
  "lockfileVersion": 1,
  "requires": true,
  "dependencies": {
    "typescript": {
      "version": "3.7.1-rc",
      "resolved": "https://registry.npmjs.org/typescript/-/typescript-3.7.1-rc.tgz",
      "integrity": "sha512-2rMtWppLsaPvmpXsoIAXWDBQVnJMw1ITGGSnidMuayLj9iCmMRT69ncKZw/Mk5rXfJkilApKucWQZxproALoRw==",
      "dev": true
    }
  }
}
