{
  "name": "shared",
  "version": "1.0.0",
  "lockfileVersion": 1,
  "requires": true,
  "dependencies": {
    "typescript": {
      "version": "3.0.0-rc",
      "resolved": "https://registry.npmjs.org/typescript/-/typescript-3.0.0-rc.tgz",
      "integrity": "sha512-//6ivFupDRi+rtsivXnYNfXK7URxdvO18hhxgNpbiIVBE611+1NCiiEfgjjx53TU7fjxlhWPuv3RRj5hJF62/w==",
      "dev": true
    }
  }
}
