{
  "name": "v2.8.1",
  "version": "1.0.0",
  "lockfileVersion": 1,
  "requires": true,
  "dependencies": {
    "@types/react": {
      "version": "16.1.0",
      "resolved": "https://registry.npmjs.org/@types/react/-/react-16.1.0.tgz",
      "integrity": "sha512-gXrB20mWBLrYGtkdf5fA6wL3FEXpY2Nz8OOgVn1qonp66JE4mqFXUigKD8CVDofQu+EsSy8G4UFRJAshFWMOvA==",
      "dev": true
    },
    "typescript": {
      "version": "2.8.1",
      "resolved": "https://registry.npmjs.org/typescript/-/typescript-2.8.1.tgz",
      "integrity": "sha512-Ao/f6d/4EPLq0YwzsQz8iXflezpTkQzqAyenTiw4kCUGr1uPiFLC3+fZ+gMZz6eeI/qdRUqvC+HxIJzUAzEFdg==",
      "dev": true
    }
  }
}
