{
  "name": "v3.6.0-rc",
  "version": "1.0.0",
  "lockfileVersion": 1,
  "requires": true,
  "dependencies": {
    "typescript": {
      "version": "3.6.0-beta",
      "resolved": "https://registry.npmjs.org/typescript/-/typescript-3.6.0-beta.tgz",
      "integrity": "sha512-EQFSWWHyth+PS6xj4x5wdl8bEHl/Lm1kJ98KnmZXiyXZGmESa6/4s0ohCNhu7eEkAOHNFlZziu/lT6wzkKnTFw==",
      "dev": true
    }
  }
}
